// !$*UTF8*$!
{
	archiveVersion = 1;
	classes = {
	};
	objectVersion = 56;
	objects = {

/* Begin PBXBuildFile section */
		DBE275E529BC53B70073A205 /* InitialViewTestApp.swift in Sources */ = {isa = PBXBuildFile; fileRef = DBE275E429BC53B70073A205 /* InitialViewTestApp.swift */; };
		DBE275E729BC53B70073A205 /* ContentView.swift in Sources */ = {isa = PBXBuildFile; fileRef = DBE275E629BC53B70073A205 /* ContentView.swift */; };
		DBE275E929BC53B90073A205 /* Assets.xcassets in Resources */ = {isa = PBXBuildFile; fileRef = DBE275E829BC53B90073A205 /* Assets.xcassets */; };
		DBE275EC29BC53B90073A205 /* Preview Assets.xcassets in Resources */ = {isa = PBXBuildFile; fileRef = DBE275EB29BC53B90073A205 /* Preview Assets.xcassets */; };
		DBE275EE29BC53B90073A205 /* Persistence.swift in Sources */ = {isa = PBXBuildFile; fileRef = DBE275ED29BC53B90073A205 /* Persistence.swift */; };
		DBE275F129BC53B90073A205 /* InitialViewTest.xcdatamodeld in Sources */ = {isa = PBXBuildFile; fileRef = DBE275EF29BC53B90073A205 /* InitialViewTest.xcdatamodeld */; };
		DBE275FB29BD7E380073A205 /* UtilityExtensions.swift in Sources */ = {isa = PBXBuildFile; fileRef = DBE275FA29BD7E380073A205 /* UtilityExtensions.swift */; };
		DBE275FE29BD8C160073A205 /* LogInView.swift in Sources */ = {isa = PBXBuildFile; fileRef = DBE275FD29BD8C160073A205 /* LogInView.swift */; };
		DBE2760229BD93130073A205 /* SignUpView.swift in Sources */ = {isa = PBXBuildFile; fileRef = DBE2760129BD93130073A205 /* SignUpView.swift */; };
		DBE2760529BD94F40073A205 /* TempUserInfoStore.swift in Sources */ = {isa = PBXBuildFile; fileRef = DBE2760429BD94F40073A205 /* TempUserInfoStore.swift */; };
		DBE2760729BD9BE40073A205 /* ViewChooser.swift in Sources */ = {isa = PBXBuildFile; fileRef = DBE2760629BD9BE40073A205 /* ViewChooser.swift */; };
/* End PBXBuildFile section */

/* Begin PBXFileReference section */
		DBE275E129BC53B70073A205 /* InitialViewTest.app */ = {isa = PBXFileReference; explicitFileType = wrapper.application; includeInIndex = 0; path = InitialViewTest.app; sourceTree = BUILT_PRODUCTS_DIR; };
		DBE275E429BC53B70073A205 /* InitialViewTestApp.swift */ = {isa = PBXFileReference; lastKnownFileType = sourcecode.swift; path = InitialViewTestApp.swift; sourceTree = "<group>"; };
		DBE275E629BC53B70073A205 /* ContentView.swift */ = {isa = PBXFileReference; lastKnownFileType = sourcecode.swift; path = ContentView.swift; sourceTree = "<group>"; };
		DBE275E829BC53B90073A205 /* Assets.xcassets */ = {isa = PBXFileReference; lastKnownFileType = folder.assetcatalog; path = Assets.xcassets; sourceTree = "<group>"; };
		DBE275EB29BC53B90073A205 /* Preview Assets.xcassets */ = {isa = PBXFileReference; lastKnownFileType = folder.assetcatalog; path = "Preview Assets.xcassets"; sourceTree = "<group>"; };
		DBE275ED29BC53B90073A205 /* Persistence.swift */ = {isa = PBXFileReference; lastKnownFileType = sourcecode.swift; path = Persistence.swift; sourceTree = "<group>"; };
		DBE275F029BC53B90073A205 /* InitialViewTest.xcdatamodel */ = {isa = PBXFileReference; lastKnownFileType = wrapper.xcdatamodel; path = InitialViewTest.xcdatamodel; sourceTree = "<group>"; };
		DBE275FA29BD7E380073A205 /* UtilityExtensions.swift */ = {isa = PBXFileReference; lastKnownFileType = sourcecode.swift; path = UtilityExtensions.swift; sourceTree = "<group>"; };
		DBE275FD29BD8C160073A205 /* LogInView.swift */ = {isa = PBXFileReference; lastKnownFileType = sourcecode.swift; path = LogInView.swift; sourceTree = "<group>"; };
		DBE2760129BD93130073A205 /* SignUpView.swift */ = {isa = PBXFileReference; lastKnownFileType = sourcecode.swift; path = SignUpView.swift; sourceTree = "<group>"; };
		DBE2760429BD94F40073A205 /* TempUserInfoStore.swift */ = {isa = PBXFileReference; lastKnownFileType = sourcecode.swift; path = TempUserInfoStore.swift; sourceTree = "<group>"; };
		DBE2760629BD9BE40073A205 /* ViewChooser.swift */ = {isa = PBXFileReference; lastKnownFileType = sourcecode.swift; path = ViewChooser.swift; sourceTree = "<group>"; };
/* End PBXFileReference section */

/* Begin PBXFrameworksBuildPhase section */
		DBE275DE29BC53B70073A205 /* Frameworks */ = {
			isa = PBXFrameworksBuildPhase;
			buildActionMask = 2147483647;
			files = (
			);
			runOnlyForDeploymentPostprocessing = 0;
		};
/* End PBXFrameworksBuildPhase section */

/* Begin PBXGroup section */
		DBE275D829BC53B70073A205 = {
			isa = PBXGroup;
			children = (
				DBE275E329BC53B70073A205 /* InitialViewTest */,
				DBE275E229BC53B70073A205 /* Products */,
			);
			sourceTree = "<group>";
		};
		DBE275E229BC53B70073A205 /* Products */ = {
			isa = PBXGroup;
			children = (
				DBE275E129BC53B70073A205 /* InitialViewTest.app */,
			);
			name = Products;
			sourceTree = "<group>";
		};
		DBE275E329BC53B70073A205 /* InitialViewTest */ = {
			isa = PBXGroup;
			children = (
				DBE2760329BD94D70073A205 /* Model */,
				DBE275E429BC53B70073A205 /* InitialViewTestApp.swift */,
				DBE275FC29BD8C030073A205 /* Views */,
				DBE275F929BD7E270073A205 /* Utility */,
				DBE275ED29BC53B90073A205 /* Persistence.swift */,
				DBE275EF29BC53B90073A205 /* InitialViewTest.xcdatamodeld */,
				DBE275E829BC53B90073A205 /* Assets.xcassets */,
				DBE275EA29BC53B90073A205 /* Preview Content */,
			);
			path = InitialViewTest;
			sourceTree = "<group>";
		};
		DBE275EA29BC53B90073A205 /* Preview Content */ = {
			isa = PBXGroup;
			children = (
				DBE275EB29BC53B90073A205 /* Preview Assets.xcassets */,
			);
			path = "Preview Content";
			sourceTree = "<group>";
		};
		DBE275F929BD7E270073A205 /* Utility */ = {
			isa = PBXGroup;
			children = (
				DBE275FA29BD7E380073A205 /* UtilityExtensions.swift */,
			);
			path = Utility;
			sourceTree = "<group>";
		};
		DBE275FC29BD8C030073A205 /* Views */ = {
			isa = PBXGroup;
			children = (
				DBE275E629BC53B70073A205 /* ContentView.swift */,
				DBE275FD29BD8C160073A205 /* LogInView.swift */,
				DBE2760129BD93130073A205 /* SignUpView.swift */,
			);
			path = Views;
			sourceTree = "<group>";
		};
		DBE2760329BD94D70073A205 /* Model */ = {
			isa = PBXGroup;
			children = (
				DBE2760429BD94F40073A205 /* TempUserInfoStore.swift */,
				DBE2760629BD9BE40073A205 /* ViewChooser.swift */,
			);
			path = Model;
			sourceTree = "<group>";
		};
/* End PBXGroup section */

/* Begin PBXNativeTarget section */
		DBE275E029BC53B70073A205 /* InitialViewTest */ = {
			isa = PBXNativeTarget;
			buildConfigurationList = DBE275F429BC53B90073A205 /* Build configuration list for PBXNativeTarget "InitialViewTest" */;
			buildPhases = (
				DBE275DD29BC53B70073A205 /* Sources */,
				DBE275DE29BC53B70073A205 /* Frameworks */,
				DBE275DF29BC53B70073A205 /* Resources */,
			);
			buildRules = (
			);
			dependencies = (
			);
			name = InitialViewTest;
			productName = InitialViewTest;
			productReference = DBE275E129BC53B70073A205 /* InitialViewTest.app */;
			productType = "com.apple.product-type.application";
		};
/* End PBXNativeTarget section */

/* Begin PBXProject section */
		DBE275D929BC53B70073A205 /* Project object */ = {
			isa = PBXProject;
			attributes = {
				BuildIndependentTargetsInParallel = 1;
				LastSwiftUpdateCheck = 1420;
				LastUpgradeCheck = 1420;
				TargetAttributes = {
					DBE275E029BC53B70073A205 = {
						CreatedOnToolsVersion = 14.2;
					};
				};
			};
			buildConfigurationList = DBE275DC29BC53B70073A205 /* Build configuration list for PBXProject "InitialViewTest" */;
			compatibilityVersion = "Xcode 14.0";
			developmentRegion = en;
			hasScannedForEncodings = 0;
			knownRegions = (
				en,
				Base,
			);
			mainGroup = DBE275D829BC53B70073A205;
			productRefGroup = DBE275E229BC53B70073A205 /* Products */;
			projectDirPath = "";
			projectRoot = "";
			targets = (
				DBE275E029BC53B70073A205 /* InitialViewTest */,
			);
		};
/* End PBXProject section */

/* Begin PBXResourcesBuildPhase section */
		DBE275DF29BC53B70073A205 /* Resources */ = {
			isa = PBXResourcesBuildPhase;
			buildActionMask = 2147483647;
			files = (
				DBE275EC29BC53B90073A205 /* Preview Assets.xcassets in Resources */,
				DBE275E929BC53B90073A205 /* Assets.xcassets in Resources */,
			);
			runOnlyForDeploymentPostprocessing = 0;
		};
/* End PBXResourcesBuildPhase section */

/* Begin PBXSourcesBuildPhase section */
		DBE275DD29BC53B70073A205 /* Sources */ = {
			isa = PBXSourcesBuildPhase;
			buildActionMask = 2147483647;
			files = (
				DBE2760529BD94F40073A205 /* TempUserInfoStore.swift in Sources */,
				DBE275FE29BD8C160073A205 /* LogInView.swift in Sources */,
				DBE275EE29BC53B90073A205 /* Persistence.swift in Sources */,
				DBE275F129BC53B90073A205 /* InitialViewTest.xcdatamodeld in Sources */,
				DBE2760729BD9BE40073A205 /* ViewChooser.swift in Sources */,
				DBE2760229BD93130073A205 /* SignUpView.swift in Sources */,
				DBE275E729BC53B70073A205 /* ContentView.swift in Sources */,
				DBE275FB29BD7E380073A205 /* UtilityExtensions.swift in Sources */,
				DBE275E529BC53B70073A205 /* InitialViewTestApp.swift in Sources */,
			);
			runOnlyForDeploymentPostprocessing = 0;
		};
/* End PBXSourcesBuildPhase section */

/* Begin XCBuildConfiguration section */
		DBE275F229BC53B90073A205 /* Debug */ = {
			isa = XCBuildConfiguration;
			buildSettings = {
				ALWAYS_SEARCH_USER_PATHS = NO;
				CLANG_ANALYZER_NONNULL = YES;
				CLANG_ANALYZER_NUMBER_OBJECT_CONVERSION = YES_AGGRESSIVE;
				CLANG_CXX_LANGUAGE_STANDARD = "gnu++20";
				CLANG_ENABLE_MODULES = YES;
				CLANG_ENABLE_OBJC_ARC = YES;
				CLANG_ENABLE_OBJC_WEAK = YES;
				CLANG_WARN_BLOCK_CAPTURE_AUTORELEASING = YES;
				CLANG_WARN_BOOL_CONVERSION = YES;
				CLANG_WARN_COMMA = YES;
				CLANG_WARN_CONSTANT_CONVERSION = YES;
				CLANG_WARN_DEPRECATED_OBJC_IMPLEMENTATIONS = YES;
				CLANG_WARN_DIRECT_OBJC_ISA_USAGE = YES_ERROR;
				CLANG_WARN_DOCUMENTATION_COMMENTS = YES;
				CLANG_WARN_EMPTY_BODY = YES;
				CLANG_WARN_ENUM_CONVERSION = YES;
				CLANG_WARN_INFINITE_RECURSION = YES;
				CLANG_WARN_INT_CONVERSION = YES;
				CLANG_WARN_NON_LITERAL_NULL_CONVERSION = YES;
				CLANG_WARN_OBJC_IMPLICIT_RETAIN_SELF = YES;
				CLANG_WARN_OBJC_LITERAL_CONVERSION = YES;
				CLANG_WARN_OBJC_ROOT_CLASS = YES_ERROR;
				CLANG_WARN_QUOTED_INCLUDE_IN_FRAMEWORK_HEADER = YES;
				CLANG_WARN_RANGE_LOOP_ANALYSIS = YES;
				CLANG_WARN_STRICT_PROTOTYPES = YES;
				CLANG_WARN_SUSPICIOUS_MOVE = YES;
				CLANG_WARN_UNGUARDED_AVAILABILITY = YES_AGGRESSIVE;
				CLANG_WARN_UNREACHABLE_CODE = YES;
				CLANG_WARN__DUPLICATE_METHOD_MATCH = YES;
				COPY_PHASE_STRIP = NO;
				DEBUG_INFORMATION_FORMAT = dwarf;
				ENABLE_STRICT_OBJC_MSGSEND = YES;
				ENABLE_TESTABILITY = YES;
				GCC_C_LANGUAGE_STANDARD = gnu11;
				GCC_DYNAMIC_NO_PIC = NO;
				GCC_NO_COMMON_BLOCKS = YES;
				GCC_OPTIMIZATION_LEVEL = 0;
				GCC_PREPROCESSOR_DEFINITIONS = (
					"DEBUG=1",
					"$(inherited)",
				);
				GCC_WARN_64_TO_32_BIT_CONVERSION = YES;
				GCC_WARN_ABOUT_RETURN_TYPE = YES_ERROR;
				GCC_WARN_UNDECLARED_SELECTOR = YES;
				GCC_WARN_UNINITIALIZED_AUTOS = YES_AGGRESSIVE;
				GCC_WARN_UNUSED_FUNCTION = YES;
				GCC_WARN_UNUSED_VARIABLE = YES;
				IPHONEOS_DEPLOYMENT_TARGET = 16.2;
				MTL_ENABLE_DEBUG_INFO = INCLUDE_SOURCE;
				MTL_FAST_MATH = YES;
				ONLY_ACTIVE_ARCH = YES;
				SDKROOT = iphoneos;
				SWIFT_ACTIVE_COMPILATION_CONDITIONS = DEBUG;
				SWIFT_OPTIMIZATION_LEVEL = "-Onone";
			};
			name = Debug;
		};
		DBE275F329BC53B90073A205 /* Release */ = {
			isa = XCBuildConfiguration;
			buildSettings = {
				ALWAYS_SEARCH_USER_PATHS = NO;
				CLANG_ANALYZER_NONNULL = YES;
				CLANG_ANALYZER_NUMBER_OBJECT_CONVERSION = YES_AGGRESSIVE;
				CLANG_CXX_LANGUAGE_STANDARD = "gnu++20";
				CLANG_ENABLE_MODULES = YES;
				CLANG_ENABLE_OBJC_ARC = YES;
				CLANG_ENABLE_OBJC_WEAK = YES;
				CLANG_WARN_BLOCK_CAPTURE_AUTORELEASING = YES;
				CLANG_WARN_BOOL_CONVERSION = YES;
				CLANG_WARN_COMMA = YES;
				CLANG_WARN_CONSTANT_CONVERSION = YES;
				CLANG_WARN_DEPRECATED_OBJC_IMPLEMENTATIONS = YES;
				CLANG_WARN_DIRECT_OBJC_ISA_USAGE = YES_ERROR;
				CLANG_WARN_DOCUMENTATION_COMMENTS = YES;
				CLANG_WARN_EMPTY_BODY = YES;
				CLANG_WARN_ENUM_CONVERSION = YES;
				CLANG_WARN_INFINITE_RECURSION = YES;
				CLANG_WARN_INT_CONVERSION = YES;
				CLANG_WARN_NON_LITERAL_NULL_CONVERSION = YES;
				CLANG_WARN_OBJC_IMPLICIT_RETAIN_SELF = YES;
				CLANG_WARN_OBJC_LITERAL_CONVERSION = YES;
				CLANG_WARN_OBJC_ROOT_CLASS = YES_ERROR;
				CLANG_WARN_QUOTED_INCLUDE_IN_FRAMEWORK_HEADER = YES;
				CLANG_WARN_RANGE_LOOP_ANALYSIS = YES;
				CLANG_WARN_STRICT_PROTOTYPES = YES;
				CLANG_WARN_SUSPICIOUS_MOVE = YES;
				CLANG_WARN_UNGUARDED_AVAILABILITY = YES_AGGRESSIVE;
				CLANG_WARN_UNREACHABLE_CODE = YES;
				CLANG_WARN__DUPLICATE_METHOD_MATCH = YES;
				COPY_PHASE_STRIP = NO;
				DEBUG_INFORMATION_FORMAT = "dwarf-with-dsym";
				ENABLE_NS_ASSERTIONS = NO;
				ENABLE_STRICT_OBJC_MSGSEND = YES;
				GCC_C_LANGUAGE_STANDARD = gnu11;
				GCC_NO_COMMON_BLOCKS = YES;
				GCC_WARN_64_TO_32_BIT_CONVERSION = YES;
				GCC_WARN_ABOUT_RETURN_TYPE = YES_ERROR;
				GCC_WARN_UNDECLARED_SELECTOR = YES;
				GCC_WARN_UNINITIALIZED_AUTOS = YES_AGGRESSIVE;
				GCC_WARN_UNUSED_FUNCTION = YES;
				GCC_WARN_UNUSED_VARIABLE = YES;
				IPHONEOS_DEPLOYMENT_TARGET = 16.2;
				MTL_ENABLE_DEBUG_INFO = NO;
				MTL_FAST_MATH = YES;
				SDKROOT = iphoneos;
				SWIFT_COMPILATION_MODE = wholemodule;
				SWIFT_OPTIMIZATION_LEVEL = "-O";
				VALIDATE_PRODUCT = YES;
			};
			name = Release;
		};
		DBE275F529BC53B90073A205 /* Debug */ = {
			isa = XCBuildConfiguration;
			buildSettings = {
				ASSETCATALOG_COMPILER_APPICON_NAME = AppIcon;
				ASSETCATALOG_COMPILER_GLOBAL_ACCENT_COLOR_NAME = AccentColor;
				CODE_SIGN_STYLE = Automatic;
				CURRENT_PROJECT_VERSION = 1;
				DEVELOPMENT_ASSET_PATHS = "\"InitialViewTest/Preview Content\"";
				DEVELOPMENT_TEAM = X55U8F2ZN8;
				ENABLE_PREVIEWS = YES;
				GENERATE_INFOPLIST_FILE = YES;
				INFOPLIST_KEY_UIApplicationSceneManifest_Generation = YES;
				INFOPLIST_KEY_UIApplicationSupportsIndirectInputEvents = YES;
				INFOPLIST_KEY_UILaunchScreen_Generation = YES;
				INFOPLIST_KEY_UISupportedInterfaceOrientations_iPad = "UIInterfaceOrientationPortrait UIInterfaceOrientationPortraitUpsideDown UIInterfaceOrientationLandscapeLeft UIInterfaceOrientationLandscapeRight";
				INFOPLIST_KEY_UISupportedInterfaceOrientations_iPhone = "UIInterfaceOrientationPortrait UIInterfaceOrientationLandscapeLeft UIInterfaceOrientationLandscapeRight";
				LD_RUNPATH_SEARCH_PATHS = (
					"$(inherited)",
					"@executable_path/Frameworks",
				);
				MARKETING_VERSION = 1.0;
				PRODUCT_BUNDLE_IDENTIFIER = biundo.daniel.PoliTalk.InitialViewTest;
				PRODUCT_NAME = "$(TARGET_NAME)";
				SWIFT_EMIT_LOC_STRINGS = YES;
				SWIFT_VERSION = 5.0;
				TARGETED_DEVICE_FAMILY = "1,2";
			};
			name = Debug;
		};
		DBE275F629BC53B90073A205 /* Release */ = {
			isa = XCBuildConfiguration;
			buildSettings = {
				ASSETCATALOG_COMPILER_APPICON_NAME = AppIcon;
				ASSETCATALOG_COMPILER_GLOBAL_ACCENT_COLOR_NAME = AccentColor;
				CODE_SIGN_STYLE = Automatic;
				CURRENT_PROJECT_VERSION = 1;
				DEVELOPMENT_ASSET_PATHS = "\"InitialViewTest/Preview Content\"";
				DEVELOPMENT_TEAM = X55U8F2ZN8;
				ENABLE_PREVIEWS = YES;
				GENERATE_INFOPLIST_FILE = YES;
				INFOPLIST_KEY_UIApplicationSceneManifest_Generation = YES;
				INFOPLIST_KEY_UIApplicationSupportsIndirectInputEvents = YES;
				INFOPLIST_KEY_UILaunchScreen_Generation = YES;
				INFOPLIST_KEY_UISupportedInterfaceOrientations_iPad = "UIInterfaceOrientationPortrait UIInterfaceOrientationPortraitUpsideDown UIInterfaceOrientationLandscapeLeft UIInterfaceOrientationLandscapeRight";
				INFOPLIST_KEY_UISupportedInterfaceOrientations_iPhone = "UIInterfaceOrientationPortrait UIInterfaceOrientationLandscapeLeft UIInterfaceOrientationLandscapeRight";
				LD_RUNPATH_SEARCH_PATHS = (
					"$(inherited)",
					"@executable_path/Frameworks",
				);
				MARKETING_VERSION = 1.0;
				PRODUCT_BUNDLE_IDENTIFIER = biundo.daniel.PoliTalk.InitialViewTest;
				PRODUCT_NAME = "$(TARGET_NAME)";
				SWIFT_EMIT_LOC_STRINGS = YES;
				SWIFT_VERSION = 5.0;
				TARGETED_DEVICE_FAMILY = "1,2";
			};
			name = Release;
		};
/* End XCBuildConfiguration section */

/* Begin XCConfigurationList section */
		DBE275DC29BC53B70073A205 /* Build configuration list for PBXProject "InitialViewTest" */ = {
			isa = XCConfigurationList;
			buildConfigurations = (
				DBE275F229BC53B90073A205 /* Debug */,
				DBE275F329BC53B90073A205 /* Release */,
			);
			defaultConfigurationIsVisible = 0;
			defaultConfigurationName = Release;
		};
		DBE275F429BC53B90073A205 /* Build configuration list for PBXNativeTarget "InitialViewTest" */ = {
			isa = XCConfigurationList;
			buildConfigurations = (
				DBE275F529BC53B90073A205 /* Debug */,
				DBE275F629BC53B90073A205 /* Release */,
			);
			defaultConfigurationIsVisible = 0;
			defaultConfigurationName = Release;
		};
/* End XCConfigurationList section */

/* Begin XCVersionGroup section */
		DBE275EF29BC53B90073A205 /* InitialViewTest.xcdatamodeld */ = {
			isa = XCVersionGroup;
			children = (
				DBE275F029BC53B90073A205 /* InitialViewTest.xcdatamodel */,
			);
			currentVersion = DBE275F029BC53B90073A205 /* InitialViewTest.xcdatamodel */;
			path = InitialViewTest.xcdatamodeld;
			sourceTree = "<group>";
			versionGroupType = wrapper.xcdatamodel;
		};
/* End XCVersionGroup section */
	};
	rootObject = DBE275D929BC53B70073A205 /* Project object */;
}
